
Microsoft Visual Studio Solution File, Format Version 12.00
# Visual Studio 14
VisualStudioVersion = 14.0.24720.0
MinimumVisualStudioVersion = 10.0.40219.1
Project("{FAE04EC0-301F-11D3-BF4B-00C04F79EFBC}") = "VHRS", "VHRS\VHRS.csproj", "{3E44ECC6-983E-446F-ACE2-F7053F8E83D1}"
EndProject
Project("{FAE04EC0-301F-11D3-BF4B-00C04F79EFBC}") = "VHRS.Tests", "VHRS.Tests\VHRS.Tests.csproj", "{4F46F31C-08D7-4260-8D35-6122E915FAB9}"
EndProject
Project("{2150E333-8FDC-42A3-9474-1A3956D46DE8}") = "Binaries", "Binaries", "{A0CE1532-5519-4218-A59C-C4BFB10F0E35}"
	ProjectSection(SolutionItems) = preProject
		Binaries\nunit.framework.dll = Binaries\nunit.framework.dll
		Binaries\nunit.framework.xml = Binaries\nunit.framework.xml
	EndProjectSection
EndProject
Global
	GlobalSection(SolutionConfigurationPlatforms) = preSolution
		Debug|Any CPU = Debug|Any CPU
		Release|Any CPU = Release|Any CPU
	EndGlobalSection
	GlobalSection(ProjectConfigurationPlatforms) = postSolution
		{3E44ECC6-983E-446F-ACE2-F7053F8E83D1}.Debug|Any CPU.ActiveCfg = Debug|Any CPU
		{3E44ECC6-983E-446F-ACE2-F7053F8E83D1}.Debug|Any CPU.Build.0 = Debug|Any CPU
		{3E44ECC6-983E-446F-ACE2-F7053F8E83D1}.Release|Any CPU.ActiveCfg = Release|Any CPU
		{3E44ECC6-983E-446F-ACE2-F7053F8E83D1}.Release|Any CPU.Build.0 = Release|Any CPU
		{4F46F31C-08D7-4260-8D35-6122E915FAB9}.Debug|Any CPU.ActiveCfg = Debug|Any CPU
		{4F46F31C-08D7-4260-8D35-6122E915FAB9}.Debug|Any CPU.Build.0 = Debug|Any CPU
		{4F46F31C-08D7-4260-8D35-6122E915FAB9}.Release|Any CPU.ActiveCfg = Release|Any CPU
		{4F46F31C-08D7-4260-8D35-6122E915FAB9}.Release|Any CPU.Build.0 = Release|Any CPU
	EndGlobalSection
	GlobalSection(SolutionProperties) = preSolution
		HideSolutionNode = FALSE
	EndGlobalSection
EndGlobal
